
Microsoft Visual Studio Solution File, Format Version 12.00
# Visual Studio Version 17
VisualStudioVersion = 17.6.33829.357
MinimumVisualStudioVersion = 10.0.40219.1
Project("{FAE04EC0-301F-11D3-BF4B-00C04F79EFBC}") = "Mathematics", "Mathematics\Mathematics.csproj", "{48B873CA-6065-4861-AA06-EDA168D1BF1F}"
EndProject
Project("{FAE04EC0-301F-11D3-BF4B-00C04F79EFBC}") = "Mathematics.Test", "Mathematics.Test\Mathematics.Test.csproj", "{EAB4DEA1-C228-4AD0-8D82-9DF6395FEAE2}"
EndProject
Global
	GlobalSection(SolutionConfigurationPlatforms) = preSolution
		Debug|Any CPU = Debug|Any CPU
		Release|Any CPU = Release|Any CPU
	EndGlobalSection
	GlobalSection(ProjectConfigurationPlatforms) = postSolution
		{48B873CA-6065-4861-AA06-EDA168D1BF1F}.Debug|Any CPU.ActiveCfg = Debug|Any CPU
		{48B873CA-6065-4861-AA06-EDA168D1BF1F}.Debug|Any CPU.Build.0 = Debug|Any CPU
		{48B873CA-6065-4861-AA06-EDA168D1BF1F}.Release|Any CPU.ActiveCfg = Release|Any CPU
		{48B873CA-6065-4861-AA06-EDA168D1BF1F}.Release|Any CPU.Build.0 = Release|Any CPU
		{EAB4DEA1-C228-4AD0-8D82-9DF6395FEAE2}.Debug|Any CPU.ActiveCfg = Debug|Any CPU
		{EAB4DEA1-C228-4AD0-8D82-9DF6395FEAE2}.Debug|Any CPU.Build.0 = Debug|Any CPU
		{EAB4DEA1-C228-4AD0-8D82-9DF6395FEAE2}.Release|Any CPU.ActiveCfg = Release|Any CPU
		{EAB4DEA1-C228-4AD0-8D82-9DF6395FEAE2}.Release|Any CPU.Build.0 = Release|Any CPU
	EndGlobalSection
	GlobalSection(SolutionProperties) = preSolution
		HideSolutionNode = FALSE
	EndGlobalSection
	GlobalSection(ExtensibilityGlobals) = postSolution
		SolutionGuid = {5DD9FB3D-1D21-417E-A723-2A8166E69F54}
	EndGlobalSection
EndGlobal
